
Microsoft Visual Studio Solution File, Format Version 12.00
# Visual Studio 15
VisualStudioVersion = 15.0.26730.16
MinimumVisualStudioVersion = 10.0.40219.1
Project("{FAE04EC0-301F-11D3-BF4B-00C04F79EFBC}") = "GridLayout_XamarinTraining.Android", "GridLayout_XamarinTraining\GridLayout_XamarinTraining.Android\GridLayout_XamarinTraining.Android.csproj", "{BFDE99C7-B0BD-4D2A-95D2-98B1B941C102}"
EndProject
Project("{FAE04EC0-301F-11D3-BF4B-00C04F79EFBC}") = "GridLayout_XamarinTraining", "GridLayout_XamarinTraining\GridLayout_XamarinTraining\GridLayout_XamarinTraining.csproj", "{CBBD5178-0CC4-4863-89A2-75C46F2F656A}"
EndProject
Project("{FAE04EC0-301F-11D3-BF4B-00C04F79EFBC}") = "GridLayout_XamarinTraining.UWP", "GridLayout_XamarinTraining\GridLayout_XamarinTraining.UWP\GridLayout_XamarinTraining.UWP.csproj", "{14EE60C9-639C-4222-851C-EB9E3036DB97}"
EndProject
Project("{FAE04EC0-301F-11D3-BF4B-00C04F79EFBC}") = "GridLayout_XamarinTraining.iOS", "GridLayout_XamarinTraining\GridLayout_XamarinTraining.iOS\GridLayout_XamarinTraining.iOS.csproj", "{BB3970A6-4855-46C0-BF6C-A639A0E99195}"
EndProject
Global
	GlobalSection(SolutionConfigurationPlatforms) = preSolution
		Ad-Hoc|Any CPU = Ad-Hoc|Any CPU
		Ad-Hoc|ARM = Ad-Hoc|ARM
		Ad-Hoc|iPhone = Ad-Hoc|iPhone
		Ad-Hoc|iPhoneSimulator = Ad-Hoc|iPhoneSimulator
		Ad-Hoc|x64 = Ad-Hoc|x64
		Ad-Hoc|x86 = Ad-Hoc|x86
		AppStore|Any CPU = AppStore|Any CPU
		AppStore|ARM = AppStore|ARM
		AppStore|iPhone = AppStore|iPhone
		AppStore|iPhoneSimulator = AppStore|iPhoneSimulator
		AppStore|x64 = AppStore|x64
		AppStore|x86 = AppStore|x86
		Debug|Any CPU = Debug|Any CPU
		Debug|ARM = Debug|ARM
		Debug|iPhone = Debug|iPhone
		Debug|iPhoneSimulator = Debug|iPhoneSimulator
		Debug|x64 = Debug|x64
		Debug|x86 = Debug|x86
		Release|Any CPU = Release|Any CPU
		Release|ARM = Release|ARM
		Release|iPhone = Release|iPhone
		Release|iPhoneSimulator = Release|iPhoneSimulator
		Release|x64 = Release|x64
		Release|x86 = Release|x86
	EndGlobalSection
	GlobalSection(ProjectConfigurationPlatforms) = postSolution
		{BFDE99C7-B0BD-4D2A-95D2-98B1B941C102}.Ad-Hoc|Any CPU.ActiveCfg = Release|Any CPU
		{BFDE99C7-B0BD-4D2A-95D2-98B1B941C102}.Ad-Hoc|Any CPU.Build.0 = Release|Any CPU
		{BFDE99C7-B0BD-4D2A-95D2-98B1B941C102}.Ad-Hoc|Any CPU.Deploy.0 = Release|Any CPU
		{BFDE99C7-B0BD-4D2A-95D2-98B1B941C102}.Ad-Hoc|ARM.ActiveCfg = Release|Any CPU
		{BFDE99C7-B0BD-4D2A-95D2-98B1B941C102}.Ad-Hoc|ARM.Build.0 = Release|Any CPU
		{BFDE99C7-B0BD-4D2A-95D2-98B1B941C102}.Ad-Hoc|ARM.Deploy.0 = Release|Any CPU
		{BFDE99C7-B0BD-4D2A-95D2-98B1B941C102}.Ad-Hoc|iPhone.ActiveCfg = Release|Any CPU
		{BFDE99C7-B0BD-4D2A-95D2-98B1B941C102}.Ad-Hoc|iPhone.Build.0 = Release|Any CPU
		{BFDE99C7-B0BD-4D2A-95D2-98B1B941C102}.Ad-Hoc|iPhone.Deploy.0 = Release|Any CPU
		{BFDE99C7-B0BD-4D2A-95D2-98B1B941C102}.Ad-Hoc|iPhoneSimulator.ActiveCfg = Release|Any CPU
		{BFDE99C7-B0BD-4D2A-95D2-98B1B941C102}.Ad-Hoc|iPhoneSimulator.Build.0 = Release|Any CPU
		{BFDE99C7-B0BD-4D2A-95D2-98B1B941C102}.Ad-Hoc|iPhoneSimulator.Deploy.0 = Release|Any CPU
		{BFDE99C7-B0BD-4D2A-95D2-98B1B941C102}.Ad-Hoc|x64.ActiveCfg = Release|Any CPU
		{BFDE99C7-B0BD-4D2A-95D2-98B1B941C102}.Ad-Hoc|x64.Build.0 = Release|Any CPU
		{BFDE99C7-B0BD-4D2A-95D2-98B1B941C102}.Ad-Hoc|x64.Deploy.0 = Release|Any CPU
		{BFDE99C7-B0BD-4D2A-95D2-98B1B941C102}.Ad-Hoc|x86.ActiveCfg = Release|Any CPU
		{BFDE99C7-B0BD-4D2A-95D2-98B1B941C102}.Ad-Hoc|x86.Build.0 = Release|Any CPU
		{BFDE99C7-B0BD-4D2A-95D2-98B1B941C102}.Ad-Hoc|x86.Deploy.0 = Release|Any CPU
		{BFDE99C7-B0BD-4D2A-95D2-98B1B941C102}.AppStore|Any CPU.ActiveCfg = Release|Any CPU
		{BFDE99C7-B0BD-4D2A-95D2-98B1B941C102}.AppStore|Any CPU.Build.0 = Release|Any CPU
		{BFDE99C7-B0BD-4D2A-95D2-98B1B941C102}.AppStore|Any CPU.Deploy.0 = Release|Any CPU
		{BFDE99C7-B0BD-4D2A-95D2-98B1B941C102}.AppStore|ARM.ActiveCfg = Release|Any CPU
		{BFDE99C7-B0BD-4D2A-95D2-98B1B941C102}.AppStore|ARM.Build.0 = Release|Any CPU
		{BFDE99C7-B0BD-4D2A-95D2-98B1B941C102}.AppStore|ARM.Deploy.0 = Release|Any CPU
		{BFDE99C7-B0BD-4D2A-95D2-98B1B941C102}.AppStore|iPhone.ActiveCfg = Release|Any CPU
		{BFDE99C7-B0BD-4D2A-95D2-98B1B941C102}.AppStore|iPhone.Build.0 = Release|Any CPU
		{BFDE99C7-B0BD-4D2A-95D2-98B1B941C102}.AppStore|iPhone.Deploy.0 = Release|Any CPU
		{BFDE99C7-B0BD-4D2A-95D2-98B1B941C102}.AppStore|iPhoneSimulator.ActiveCfg = Release|Any CPU
		{BFDE99C7-B0BD-4D2A-95D2-98B1B941C102}.AppStore|iPhoneSimulator.Build.0 = Release|Any CPU
		{BFDE99C7-B0BD-4D2A-95D2-98B1B941C102}.AppStore|iPhoneSimulator.Deploy.0 = Release|Any CPU
		{BFDE99C7-B0BD-4D2A-95D2-98B1B941C102}.AppStore|x64.ActiveCfg = Release|Any CPU
		{BFDE99C7-B0BD-4D2A-95D2-98B1B941C102}.AppStore|x64.Build.0 = Release|Any CPU
		{BFDE99C7-B0BD-4D2A-95D2-98B1B941C102}.AppStore|x64.Deploy.0 = Release|Any CPU
		{BFDE99C7-B0BD-4D2A-95D2-98B1B941C102}.AppStore|x86.ActiveCfg = Release|Any CPU
		{BFDE99C7-B0BD-4D2A-95D2-98B1B941C102}.AppStore|x86.Build.0 = Release|Any CPU
		{BFDE99C7-B0BD-4D2A-95D2-98B1B941C102}.AppStore|x86.Deploy.0 = Release|Any CPU
		{BFDE99C7-B0BD-4D2A-95D2-98B1B941C102}.Debug|Any CPU.ActiveCfg = Debug|Any CPU
		{BFDE99C7-B0BD-4D2A-95D2-98B1B941C102}.Debug|Any CPU.Build.0 = Debug|Any CPU
		{BFDE99C7-B0BD-4D2A-95D2-98B1B941C102}.Debug|Any CPU.Deploy.0 = Debug|Any CPU
		{BFDE99C7-B0BD-4D2A-95D2-98B1B941C102}.Debug|ARM.ActiveCfg = Debug|Any CPU
		{BFDE99C7-B0BD-4D2A-95D2-98B1B941C102}.Debug|ARM.Build.0 = Debug|Any CPU
		{BFDE99C7-B0BD-4D2A-95D2-98B1B941C102}.Debug|ARM.Deploy.0 = Debug|Any CPU
		{BFDE99C7-B0BD-4D2A-95D2-98B1B941C102}.Debug|iPhone.ActiveCfg = Debug|Any CPU
		{BFDE99C7-B0BD-4D2A-95D2-98B1B941C102}.Debug|iPhone.Build.0 = Debug|Any CPU
		{BFDE99C7-B0BD-4D2A-95D2-98B1B941C102}.Debug|iPhone.Deploy.0 = Debug|Any CPU
		{BFDE99C7-B0BD-4D2A-95D2-98B1B941C102}.Debug|iPhoneSimulator.ActiveCfg = Debug|Any CPU
		{BFDE99C7-B0BD-4D2A-95D2-98B1B941C102}.Debug|iPhoneSimulator.Build.0 = Debug|Any CPU
		{BFDE99C7-B0BD-4D2A-95D2-98B1B941C102}.Debug|iPhoneSimulator.Deploy.0 = Debug|Any CPU
		{BFDE99C7-B0BD-4D2A-95D2-98B1B941C102}.Debug|x64.ActiveCfg = Debug|Any CPU
		{BFDE99C7-B0BD-4D2A-95D2-98B1B941C102}.Debug|x64.Build.0 = Debug|Any CPU
		{BFDE99C7-B0BD-4D2A-95D2-98B1B941C102}.Debug|x64.Deploy.0 = Debug|Any CPU
		{BFDE99C7-B0BD-4D2A-95D2-98B1B941C102}.Debug|x86.ActiveCfg = Debug|Any CPU
		{BFDE99C7-B0BD-4D2A-95D2-98B1B941C102}.Debug|x86.Build.0 = Debug|Any CPU
		{BFDE99C7-B0BD-4D2A-95D2-98B1B941C102}.Debug|x86.Deploy.0 = Debug|Any CPU
		{BFDE99C7-B0BD-4D2A-95D2-98B1B941C102}.Release|Any CPU.ActiveCfg = Release|Any CPU
		{BFDE99C7-B0BD-4D2A-95D2-98B1B941C102}.Release|Any CPU.Build.0 = Release|Any CPU
		{BFDE99C7-B0BD-4D2A-95D2-98B1B941C102}.Release|Any CPU.Deploy.0 = Release|Any CPU
		{BFDE99C7-B0BD-4D2A-95D2-98B1B941C102}.Release|ARM.ActiveCfg = Release|Any CPU
		{BFDE99C7-B0BD-4D2A-95D2-98B1B941C102}.Release|ARM.Build.0 = Release|Any CPU
		{BFDE99C7-B0BD-4D2A-95D2-98B1B941C102}.Release|ARM.Deploy.0 = Release|Any CPU
		{BFDE99C7-B0BD-4D2A-95D2-98B1B941C102}.Release|iPhone.ActiveCfg = Release|Any CPU
		{BFDE99C7-B0BD-4D2A-95D2-98B1B941C102}.Release|iPhone.Build.0 = Release|Any CPU
		{BFDE99C7-B0BD-4D2A-95D2-98B1B941C102}.Release|iPhone.Deploy.0 = Release|Any CPU
		{BFDE99C7-B0BD-4D2A-95D2-98B1B941C102}.Release|iPhoneSimulator.ActiveCfg = Release|Any CPU
		{BFDE99C7-B0BD-4D2A-95D2-98B1B941C102}.Release|iPhoneSimulator.Build.0 = Release|Any CPU
		{BFDE99C7-B0BD-4D2A-95D2-98B1B941C102}.Release|iPhoneSimulator.Deploy.0 = Release|Any CPU
		{BFDE99C7-B0BD-4D2A-95D2-98B1B941C102}.Release|x64.ActiveCfg = Release|Any CPU
		{BFDE99C7-B0BD-4D2A-95D2-98B1B941C102}.Release|x64.Build.0 = Release|Any CPU
		{BFDE99C7-B0BD-4D2A-95D2-98B1B941C102}.Release|x64.Deploy.0 = Release|Any CPU
		{BFDE99C7-B0BD-4D2A-95D2-98B1B941C102}.Release|x86.ActiveCfg = Release|Any CPU
		{BFDE99C7-B0BD-4D2A-95D2-98B1B941C102}.Release|x86.Build.0 = Release|Any CPU
		{BFDE99C7-B0BD-4D2A-95D2-98B1B941C102}.Release|x86.Deploy.0 = Release|Any CPU
		{CBBD5178-0CC4-4863-89A2-75C46F2F656A}.Ad-Hoc|Any CPU.ActiveCfg = Release|Any CPU
		{CBBD5178-0CC4-4863-89A2-75C46F2F656A}.Ad-Hoc|Any CPU.Build.0 = Release|Any CPU
		{CBBD5178-0CC4-4863-89A2-75C46F2F656A}.Ad-Hoc|ARM.ActiveCfg = Release|Any CPU
		{CBBD5178-0CC4-4863-89A2-75C46F2F656A}.Ad-Hoc|ARM.Build.0 = Release|Any CPU
		{CBBD5178-0CC4-4863-89A2-75C46F2F656A}.Ad-Hoc|iPhone.ActiveCfg = Release|Any CPU
		{CBBD5178-0CC4-4863-89A2-75C46F2F656A}.Ad-Hoc|iPhone.Build.0 = Release|Any CPU
		{CBBD5178-0CC4-4863-89A2-75C46F2F656A}.Ad-Hoc|iPhoneSimulator.ActiveCfg = Release|Any CPU
		{CBBD5178-0CC4-4863-89A2-75C46F2F656A}.Ad-Hoc|iPhoneSimulator.Build.0 = Release|Any CPU
		{CBBD5178-0CC4-4863-89A2-75C46F2F656A}.Ad-Hoc|x64.ActiveCfg = Release|Any CPU
		{CBBD5178-0CC4-4863-89A2-75C46F2F656A}.Ad-Hoc|x64.Build.0 = Release|Any CPU
		{CBBD5178-0CC4-4863-89A2-75C46F2F656A}.Ad-Hoc|x86.ActiveCfg = Release|Any CPU
		{CBBD5178-0CC4-4863-89A2-75C46F2F656A}.Ad-Hoc|x86.Build.0 = Release|Any CPU
		{CBBD5178-0CC4-4863-89A2-75C46F2F656A}.AppStore|Any CPU.ActiveCfg = Release|Any CPU
		{CBBD5178-0CC4-4863-89A2-75C46F2F656A}.AppStore|Any CPU.Build.0 = Release|Any CPU
		{CBBD5178-0CC4-4863-89A2-75C46F2F656A}.AppStore|ARM.ActiveCfg = Release|Any CPU
		{CBBD5178-0CC4-4863-89A2-75C46F2F656A}.AppStore|ARM.Build.0 = Release|Any CPU
		{CBBD5178-0CC4-4863-89A2-75C46F2F656A}.AppStore|iPhone.ActiveCfg = Release|Any CPU
		{CBBD5178-0CC4-4863-89A2-75C46F2F656A}.AppStore|iPhone.Build.0 = Release|Any CPU
		{CBBD5178-0CC4-4863-89A2-75C46F2F656A}.AppStore|iPhoneSimulator.ActiveCfg = Release|Any CPU
		{CBBD5178-0CC4-4863-89A2-75C46F2F656A}.AppStore|iPhoneSimulator.Build.0 = Release|Any CPU
		{CBBD5178-0CC4-4863-89A2-75C46F2F656A}.AppStore|x64.ActiveCfg = Release|Any CPU
		{CBBD5178-0CC4-4863-89A2-75C46F2F656A}.AppStore|x64.Build.0 = Release|Any CPU
		{CBBD5178-0CC4-4863-89A2-75C46F2F656A}.AppStore|x86.ActiveCfg = Release|Any CPU
		{CBBD5178-0CC4-4863-89A2-75C46F2F656A}.AppStore|x86.Build.0 = Release|Any CPU
		{CBBD5178-0CC4-4863-89A2-75C46F2F656A}.Debug|Any CPU.ActiveCfg = Debug|Any CPU
		{CBBD5178-0CC4-4863-89A2-75C46F2F656A}.Debug|Any CPU.Build.0 = Debug|Any CPU
		{CBBD5178-0CC4-4863-89A2-75C46F2F656A}.Debug|ARM.ActiveCfg = Debug|Any CPU
		{CBBD5178-0CC4-4863-89A2-75C46F2F656A}.Debug|ARM.Build.0 = Debug|Any CPU
		{CBBD5178-0CC4-4863-89A2-75C46F2F656A}.Debug|iPhone.ActiveCfg = Debug|Any CPU
		{CBBD5178-0CC4-4863-89A2-75C46F2F656A}.Debug|iPhone.Build.0 = Debug|Any CPU
		{CBBD5178-0CC4-4863-89A2-75C46F2F656A}.Debug|iPhoneSimulator.ActiveCfg = Debug|Any CPU
		{CBBD5178-0CC4-4863-89A2-75C46F2F656A}.Debug|iPhoneSimulator.Build.0 = Debug|Any CPU
		{CBBD5178-0CC4-4863-89A2-75C46F2F656A}.Debug|x64.ActiveCfg = Debug|Any CPU
		{CBBD5178-0CC4-4863-89A2-75C46F2F656A}.Debug|x64.Build.0 = Debug|Any CPU
		{CBBD5178-0CC4-4863-89A2-75C46F2F656A}.Debug|x86.ActiveCfg = Debug|Any CPU
		{CBBD5178-0CC4-4863-89A2-75C46F2F656A}.Debug|x86.Build.0 = Debug|Any CPU
		{CBBD5178-0CC4-4863-89A2-75C46F2F656A}.Release|Any CPU.ActiveCfg = Release|Any CPU
		{CBBD5178-0CC4-4863-89A2-75C46F2F656A}.Release|Any CPU.Build.0 = Release|Any CPU
		{CBBD5178-0CC4-4863-89A2-75C46F2F656A}.Release|ARM.ActiveCfg = Release|Any CPU
		{CBBD5178-0CC4-4863-89A2-75C46F2F656A}.Release|ARM.Build.0 = Release|Any CPU
		{CBBD5178-0CC4-4863-89A2-75C46F2F656A}.Release|iPhone.ActiveCfg = Release|Any CPU
		{CBBD5178-0CC4-4863-89A2-75C46F2F656A}.Release|iPhone.Build.0 = Release|Any CPU
		{CBBD5178-0CC4-4863-89A2-75C46F2F656A}.Release|iPhoneSimulator.ActiveCfg = Release|Any CPU
		{CBBD5178-0CC4-4863-89A2-75C46F2F656A}.Release|iPhoneSimulator.Build.0 = Release|Any CPU
		{CBBD5178-0CC4-4863-89A2-75C46F2F656A}.Release|x64.ActiveCfg = Release|Any CPU
		{CBBD5178-0CC4-4863-89A2-75C46F2F656A}.Release|x64.Build.0 = Release|Any CPU
		{CBBD5178-0CC4-4863-89A2-75C46F2F656A}.Release|x86.ActiveCfg = Release|Any CPU
		{CBBD5178-0CC4-4863-89A2-75C46F2F656A}.Release|x86.Build.0 = Release|Any CPU
		{14EE60C9-639C-4222-851C-EB9E3036DB97}.Ad-Hoc|Any CPU.ActiveCfg = Release|x86
		{14EE60C9-639C-4222-851C-EB9E3036DB97}.Ad-Hoc|Any CPU.Build.0 = Release|x86
		{14EE60C9-639C-4222-851C-EB9E3036DB97}.Ad-Hoc|Any CPU.Deploy.0 = Release|x86
		{14EE60C9-639C-4222-851C-EB9E3036DB97}.Ad-Hoc|ARM.ActiveCfg = Release|ARM
		{14EE60C9-639C-4222-851C-EB9E3036DB97}.Ad-Hoc|ARM.Build.0 = Release|ARM
		{14EE60C9-639C-4222-851C-EB9E3036DB97}.Ad-Hoc|ARM.Deploy.0 = Release|ARM
		{14EE60C9-639C-4222-851C-EB9E3036DB97}.Ad-Hoc|iPhone.ActiveCfg = Release|x86
		{14EE60C9-639C-4222-851C-EB9E3036DB97}.Ad-Hoc|iPhone.Build.0 = Release|x86
		{14EE60C9-639C-4222-851C-EB9E3036DB97}.Ad-Hoc|iPhone.Deploy.0 = Release|x86
		{14EE60C9-639C-4222-851C-EB9E3036DB97}.Ad-Hoc|iPhoneSimulator.ActiveCfg = Release|x86
		{14EE60C9-639C-4222-851C-EB9E3036DB97}.Ad-Hoc|iPhoneSimulator.Build.0 = Release|x86
		{14EE60C9-639C-4222-851C-EB9E3036DB97}.Ad-Hoc|iPhoneSimulator.Deploy.0 = Release|x86
		{14EE60C9-639C-4222-851C-EB9E3036DB97}.Ad-Hoc|x64.ActiveCfg = Release|x64
		{14EE60C9-639C-4222-851C-EB9E3036DB97}.Ad-Hoc|x64.Build.0 = Release|x64
		{14EE60C9-639C-4222-851C-EB9E3036DB97}.Ad-Hoc|x64.Deploy.0 = Release|x64
		{14EE60C9-639C-4222-851C-EB9E3036DB97}.Ad-Hoc|x86.ActiveCfg = Release|x86
		{14EE60C9-639C-4222-851C-EB9E3036DB97}.Ad-Hoc|x86.Build.0 = Release|x86
		{14EE60C9-639C-4222-851C-EB9E3036DB97}.Ad-Hoc|x86.Deploy.0 = Release|x86
		{14EE60C9-639C-4222-851C-EB9E3036DB97}.AppStore|Any CPU.ActiveCfg = Release|x86
		{14EE60C9-639C-4222-851C-EB9E3036DB97}.AppStore|Any CPU.Build.0 = Release|x86
		{14EE60C9-639C-4222-851C-EB9E3036DB97}.AppStore|Any CPU.Deploy.0 = Release|x86
		{14EE60C9-639C-4222-851C-EB9E3036DB97}.AppStore|ARM.ActiveCfg = Release|ARM
		{14EE60C9-639C-4222-851C-EB9E3036DB97}.AppStore|ARM.Build.0 = Release|ARM
		{14EE60C9-639C-4222-851C-EB9E3036DB97}.AppStore|ARM.Deploy.0 = Release|ARM
		{14EE60C9-639C-4222-851C-EB9E3036DB97}.AppStore|iPhone.ActiveCfg = Release|x86
		{14EE60C9-639C-4222-851C-EB9E3036DB97}.AppStore|iPhone.Build.0 = Release|x86
		{14EE60C9-639C-4222-851C-EB9E3036DB97}.AppStore|iPhone.Deploy.0 = Release|x86
		{14EE60C9-639C-4222-851C-EB9E3036DB97}.AppStore|iPhoneSimulator.ActiveCfg = Release|x86
		{14EE60C9-639C-4222-851C-EB9E3036DB97}.AppStore|iPhoneSimulator.Build.0 = Release|x86
		{14EE60C9-639C-4222-851C-EB9E3036DB97}.AppStore|iPhoneSimulator.Deploy.0 = Release|x86
		{14EE60C9-639C-4222-851C-EB9E3036DB97}.AppStore|x64.ActiveCfg = Release|x64
		{14EE60C9-639C-4222-851C-EB9E3036DB97}.AppStore|x64.Build.0 = Release|x64
		{14EE60C9-639C-4222-851C-EB9E3036DB97}.AppStore|x64.Deploy.0 = Release|x64
		{14EE60C9-639C-4222-851C-EB9E3036DB97}.AppStore|x86.ActiveCfg = Release|x86
		{14EE60C9-639C-4222-851C-EB9E3036DB97}.AppStore|x86.Build.0 = Release|x86
		{14EE60C9-639C-4222-851C-EB9E3036DB97}.AppStore|x86.Deploy.0 = Release|x86
		{14EE60C9-639C-4222-851C-EB9E3036DB97}.Debug|Any CPU.ActiveCfg = Debug|x86
		{14EE60C9-639C-4222-851C-EB9E3036DB97}.Debug|ARM.ActiveCfg = Debug|ARM
		{14EE60C9-639C-4222-851C-EB9E3036DB97}.Debug|ARM.Build.0 = Debug|ARM
		{14EE60C9-639C-4222-851C-EB9E3036DB97}.Debug|ARM.Deploy.0 = Debug|ARM
		{14EE60C9-639C-4222-851C-EB9E3036DB97}.Debug|iPhone.ActiveCfg = Debug|x86
		{14EE60C9-639C-4222-851C-EB9E3036DB97}.Debug|iPhoneSimulator.ActiveCfg = Debug|x86
		{14EE60C9-639C-4222-851C-EB9E3036DB97}.Debug|x64.ActiveCfg = Debug|x64
		{14EE60C9-639C-4222-851C-EB9E3036DB97}.Debug|x64.Build.0 = Debug|x64
		{14EE60C9-639C-4222-851C-EB9E3036DB97}.Debug|x64.Deploy.0 = Debug|x64
		{14EE60C9-639C-4222-851C-EB9E3036DB97}.Debug|x86.ActiveCfg = Debug|x86
		{14EE60C9-639C-4222-851C-EB9E3036DB97}.Debug|x86.Build.0 = Debug|x86
		{14EE60C9-639C-4222-851C-EB9E3036DB97}.Debug|x86.Deploy.0 = Debug|x86
		{14EE60C9-639C-4222-851C-EB9E3036DB97}.Release|Any CPU.ActiveCfg = Release|x86
		{14EE60C9-639C-4222-851C-EB9E3036DB97}.Release|ARM.ActiveCfg = Release|ARM
		{14EE60C9-639C-4222-851C-EB9E3036DB97}.Release|ARM.Build.0 = Release|ARM
		{14EE60C9-639C-4222-851C-EB9E3036DB97}.Release|ARM.Deploy.0 = Release|ARM
		{14EE60C9-639C-4222-851C-EB9E3036DB97}.Release|iPhone.ActiveCfg = Release|x86
		{14EE60C9-639C-4222-851C-EB9E3036DB97}.Release|iPhoneSimulator.ActiveCfg = Release|x86
		{14EE60C9-639C-4222-851C-EB9E3036DB97}.Release|x64.ActiveCfg = Release|x64
		{14EE60C9-639C-4222-851C-EB9E3036DB97}.Release|x64.Build.0 = Release|x64
		{14EE60C9-639C-4222-851C-EB9E3036DB97}.Release|x64.Deploy.0 = Release|x64
		{14EE60C9-639C-4222-851C-EB9E3036DB97}.Release|x86.ActiveCfg = Release|x86
		{14EE60C9-639C-4222-851C-EB9E3036DB97}.Release|x86.Build.0 = Release|x86
		{14EE60C9-639C-4222-851C-EB9E3036DB97}.Release|x86.Deploy.0 = Release|x86
		{BB3970A6-4855-46C0-BF6C-A639A0E99195}.Ad-Hoc|Any CPU.ActiveCfg = Ad-Hoc|iPhone
		{BB3970A6-4855-46C0-BF6C-A639A0E99195}.Ad-Hoc|ARM.ActiveCfg = Ad-Hoc|iPhone
		{BB3970A6-4855-46C0-BF6C-A639A0E99195}.Ad-Hoc|iPhone.ActiveCfg = Ad-Hoc|iPhone
		{BB3970A6-4855-46C0-BF6C-A639A0E99195}.Ad-Hoc|iPhone.Build.0 = Ad-Hoc|iPhone
		{BB3970A6-4855-46C0-BF6C-A639A0E99195}.Ad-Hoc|iPhoneSimulator.ActiveCfg = Ad-Hoc|iPhoneSimulator
		{BB3970A6-4855-46C0-BF6C-A639A0E99195}.Ad-Hoc|iPhoneSimulator.Build.0 = Ad-Hoc|iPhoneSimulator
		{BB3970A6-4855-46C0-BF6C-A639A0E99195}.Ad-Hoc|x64.ActiveCfg = Ad-Hoc|iPhone
		{BB3970A6-4855-46C0-BF6C-A639A0E99195}.Ad-Hoc|x86.ActiveCfg = Ad-Hoc|iPhone
		{BB3970A6-4855-46C0-BF6C-A639A0E99195}.AppStore|Any CPU.ActiveCfg = AppStore|iPhone
		{BB3970A6-4855-46C0-BF6C-A639A0E99195}.AppStore|ARM.ActiveCfg = AppStore|iPhone
		{BB3970A6-4855-46C0-BF6C-A639A0E99195}.AppStore|iPhone.ActiveCfg = AppStore|iPhone
		{BB3970A6-4855-46C0-BF6C-A639A0E99195}.AppStore|iPhone.Build.0 = AppStore|iPhone
		{BB3970A6-4855-46C0-BF6C-A639A0E99195}.AppStore|iPhoneSimulator.ActiveCfg = AppStore|iPhoneSimulator
		{BB3970A6-4855-46C0-BF6C-A639A0E99195}.AppStore|iPhoneSimulator.Build.0 = AppStore|iPhoneSimulator
		{BB3970A6-4855-46C0-BF6C-A639A0E99195}.AppStore|x64.ActiveCfg = AppStore|iPhone
		{BB3970A6-4855-46C0-BF6C-A639A0E99195}.AppStore|x86.ActiveCfg = AppStore|iPhone
		{BB3970A6-4855-46C0-BF6C-A639A0E99195}.Debug|Any CPU.ActiveCfg = Debug|iPhone
		{BB3970A6-4855-46C0-BF6C-A639A0E99195}.Debug|ARM.ActiveCfg = Debug|iPhone
		{BB3970A6-4855-46C0-BF6C-A639A0E99195}.Debug|iPhone.ActiveCfg = Debug|iPhone
		{BB3970A6-4855-46C0-BF6C-A639A0E99195}.Debug|iPhone.Build.0 = Debug|iPhone
		{BB3970A6-4855-46C0-BF6C-A639A0E99195}.Debug|iPhoneSimulator.ActiveCfg = Debug|iPhoneSimulator
		{BB3970A6-4855-46C0-BF6C-A639A0E99195}.Debug|iPhoneSimulator.Build.0 = Debug|iPhoneSimulator
		{BB3970A6-4855-46C0-BF6C-A639A0E99195}.Debug|x64.ActiveCfg = Debug|iPhone
		{BB3970A6-4855-46C0-BF6C-A639A0E99195}.Debug|x86.ActiveCfg = Debug|iPhone
		{BB3970A6-4855-46C0-BF6C-A639A0E99195}.Release|Any CPU.ActiveCfg = Release|iPhone
		{BB3970A6-4855-46C0-BF6C-A639A0E99195}.Release|ARM.ActiveCfg = Release|iPhone
		{BB3970A6-4855-46C0-BF6C-A639A0E99195}.Release|iPhone.ActiveCfg = Release|iPhone
		{BB3970A6-4855-46C0-BF6C-A639A0E99195}.Release|iPhone.Build.0 = Release|iPhone
		{BB3970A6-4855-46C0-BF6C-A639A0E99195}.Release|iPhoneSimulator.ActiveCfg = Release|iPhoneSimulator
		{BB3970A6-4855-46C0-BF6C-A639A0E99195}.Release|iPhoneSimulator.Build.0 = Release|iPhoneSimulator
		{BB3970A6-4855-46C0-BF6C-A639A0E99195}.Release|x64.ActiveCfg = Release|iPhone
		{BB3970A6-4855-46C0-BF6C-A639A0E99195}.Release|x86.ActiveCfg = Release|iPhone
	EndGlobalSection
	GlobalSection(SolutionProperties) = preSolution
		HideSolutionNode = FALSE
	EndGlobalSection
	GlobalSection(ExtensibilityGlobals) = postSolution
		SolutionGuid = {8491BBEF-B980-4308-A222-F7C06670D4EA}
	EndGlobalSection
EndGlobal
